
Microsoft Visual Studio Solution File, Format Version 12.00
# Visual Studio 15
VisualStudioVersion = 15.0.28307.136
MinimumVisualStudioVersion = 10.0.40219.1
Project("{FAE04EC0-301F-11D3-BF4B-00C04F79EFBC}") = "LeetCodeSrc", "LeetCodeSrc\LeetCodeSrc.csproj", "{8BE8704A-6FD4-451D-B5C0-2A0386C03433}"
EndProject
Global
	GlobalSection(SolutionConfigurationPlatforms) = preSolution
		Debug|Any CPU = Debug|Any CPU
		Release|Any CPU = Release|Any CPU
	EndGlobalSection
	GlobalSection(ProjectConfigurationPlatforms) = postSolution
		{8BE8704A-6FD4-451D-B5C0-2A0386C03433}.Debug|Any CPU.ActiveCfg = Debug|Any CPU
		{8BE8704A-6FD4-451D-B5C0-2A0386C03433}.Debug|Any CPU.Build.0 = Debug|Any CPU
		{8BE8704A-6FD4-451D-B5C0-2A0386C03433}.Release|Any CPU.ActiveCfg = Release|Any CPU
		{8BE8704A-6FD4-451D-B5C0-2A0386C03433}.Release|Any CPU.Build.0 = Release|Any CPU
	EndGlobalSection
	GlobalSection(SolutionProperties) = preSolution
		HideSolutionNode = FALSE
	EndGlobalSection
	GlobalSection(ExtensibilityGlobals) = postSolution
		SolutionGuid = {6817FFE8-7D4B-4FBA-9BD1-1838E662A3F0}
	EndGlobalSection
EndGlobal
