
Microsoft Visual Studio Solution File, Format Version 12.00
# Visual Studio 15
VisualStudioVersion = 15.0.28307.136
MinimumVisualStudioVersion = 10.0.40219.1
Project("{FAE04EC0-301F-11D3-BF4B-00C04F79EFBC}") = "LeetCodeSrc", "LeetCodeSrc\LeetCodeSrc.csproj", "{8BE8704A-6FD4-451D-B5C0-2A0386C03433}"
EndProject
Project("{FAE04EC0-301F-11D3-BF4B-00C04F79EFBC}") = "AlgorithmOther", "AlgorithmOther\AlgorithmOther.csproj", "{8625D4A4-E18E-4158-A3DA-0DE9870A8B4D}"
EndProject
Project("{FAE04EC0-301F-11D3-BF4B-00C04F79EFBC}") = "DesignModel", "DesignModel\DesignModel.csproj", "{B2EBDB8B-8763-4BBF-BBCA-306E08BEC27B}"
EndProject
Project("{2150E333-8FDC-42A3-9474-1A3956D46DE8}") = "UnitTest", "UnitTest", "{E86A6DA5-6E5C-425E-8566-537A08754DFD}"
EndProject
Project("{FAE04EC0-301F-11D3-BF4B-00C04F79EFBC}") = "UnitTestProjectForDesignModel", "UnitTestProjectForDesignModel\UnitTestProjectForDesignModel.csproj", "{7ADEAC66-E8FC-4445-95AB-8A3204ACD383}"
EndProject
Global
	GlobalSection(SolutionConfigurationPlatforms) = preSolution
		Debug|Any CPU = Debug|Any CPU
		Release|Any CPU = Release|Any CPU
	EndGlobalSection
	GlobalSection(ProjectConfigurationPlatforms) = postSolution
		{8BE8704A-6FD4-451D-B5C0-2A0386C03433}.Debug|Any CPU.ActiveCfg = Debug|Any CPU
		{8BE8704A-6FD4-451D-B5C0-2A0386C03433}.Debug|Any CPU.Build.0 = Debug|Any CPU
		{8BE8704A-6FD4-451D-B5C0-2A0386C03433}.Release|Any CPU.ActiveCfg = Release|Any CPU
		{8BE8704A-6FD4-451D-B5C0-2A0386C03433}.Release|Any CPU.Build.0 = Release|Any CPU
		{8625D4A4-E18E-4158-A3DA-0DE9870A8B4D}.Debug|Any CPU.ActiveCfg = Debug|Any CPU
		{8625D4A4-E18E-4158-A3DA-0DE9870A8B4D}.Debug|Any CPU.Build.0 = Debug|Any CPU
		{8625D4A4-E18E-4158-A3DA-0DE9870A8B4D}.Release|Any CPU.ActiveCfg = Release|Any CPU
		{8625D4A4-E18E-4158-A3DA-0DE9870A8B4D}.Release|Any CPU.Build.0 = Release|Any CPU
		{B2EBDB8B-8763-4BBF-BBCA-306E08BEC27B}.Debug|Any CPU.ActiveCfg = Debug|Any CPU
		{B2EBDB8B-8763-4BBF-BBCA-306E08BEC27B}.Debug|Any CPU.Build.0 = Debug|Any CPU
		{B2EBDB8B-8763-4BBF-BBCA-306E08BEC27B}.Release|Any CPU.ActiveCfg = Release|Any CPU
		{B2EBDB8B-8763-4BBF-BBCA-306E08BEC27B}.Release|Any CPU.Build.0 = Release|Any CPU
		{7ADEAC66-E8FC-4445-95AB-8A3204ACD383}.Debug|Any CPU.ActiveCfg = Debug|Any CPU
		{7ADEAC66-E8FC-4445-95AB-8A3204ACD383}.Debug|Any CPU.Build.0 = Debug|Any CPU
		{7ADEAC66-E8FC-4445-95AB-8A3204ACD383}.Release|Any CPU.ActiveCfg = Release|Any CPU
		{7ADEAC66-E8FC-4445-95AB-8A3204ACD383}.Release|Any CPU.Build.0 = Release|Any CPU
	EndGlobalSection
	GlobalSection(SolutionProperties) = preSolution
		HideSolutionNode = FALSE
	EndGlobalSection
	GlobalSection(NestedProjects) = preSolution
		{7ADEAC66-E8FC-4445-95AB-8A3204ACD383} = {E86A6DA5-6E5C-425E-8566-537A08754DFD}
	EndGlobalSection
	GlobalSection(ExtensibilityGlobals) = postSolution
		SolutionGuid = {6817FFE8-7D4B-4FBA-9BD1-1838E662A3F0}
	EndGlobalSection
EndGlobal
